PODS:
  - AFNetworking (2.6.3):
    - AFNetworking/NSURLConnection (= 2.6.3)
    - AFNetworking/NSURLSession (= 2.6.3)
    - AFNetworking/Reachability (= 2.6.3)
    - AFNetworking/Security (= 2.6.3)
    - AFNetworking/Serialization (= 2.6.3)
    - AFNetworking/UIKit (= 2.6.3)
  - AFNetworking/NSURLConnection (2.6.3):
    - AFNetworking/Reachability
    - AFNetworking/Security
    - AFNetworking/Serialization
  - AFNetworking/NSURLSession (2.6.3):
    - AFNetworking/Reachability
    - AFNetworking/Security
    - AFNetworking/Serialization
  - AFNetworking/Reachability (2.6.3)
  - AFNetworking/Security (2.6.3)
  - AFNetworking/Serialization (2.6.3)
  - AFNetworking/UIKit (2.6.3):
    - AFNetworking/NSURLConnection
    - AFNetworking/NSURLSession
  - CNKitCategory (1.1.7):
    - CNKitCategory/FoundtionKit (= 1.1.7)
    - CNKitCategory/UIKit (= 1.1.7)
  - CNKitCategory/FoundtionKit (1.1.7)
  - CNKitCategory/UIKit (1.1.7)

DEPENDENCIES:
  - AFNetworking (~> 2.6.3)
  - CNKitCategory (~> 1.1.7)

SPEC CHECKSUMS:
  AFNetworking: cb8d14a848e831097108418f5d49217339d4eb60
  CNKitCategory: a6c4e2d6b8e1c8c359b155b75fc97510f4f65344

PODFILE CHECKSUM: c0d58ce271350bfc20c7abd9f4a0ea9c454274e9

COCOAPODS: 1.0.0
